
Microsoft Visual Studio Solution File, Format Version 12.00
# Visual Studio 15
VisualStudioVersion = 15.0.26730.15
MinimumVisualStudioVersion = 10.0.40219.1
Project("{8BC9CEB8-8B4A-11D0-8D11-00A0C91BC942}") = "CGP600-Assignment-02", "CGP600-Assignment-02\CGP600-Assignment-02.vcxproj", "{82295534-359C-4800-8F8F-A4C42F071E99}"
EndProject
Global
	GlobalSection(SolutionConfigurationPlatforms) = preSolution
		Debug|x64 = Debug|x64
		Debug|x86 = Debug|x86
		Release|x64 = Release|x64
		Release|x86 = Release|x86
	EndGlobalSection
	GlobalSection(ProjectConfigurationPlatforms) = postSolution
		{82295534-359C-4800-8F8F-A4C42F071E99}.Debug|x64.ActiveCfg = Debug|x64
		{82295534-359C-4800-8F8F-A4C42F071E99}.Debug|x64.Build.0 = Debug|x64
		{82295534-359C-4800-8F8F-A4C42F071E99}.Debug|x86.ActiveCfg = Debug|Win32
		{82295534-359C-4800-8F8F-A4C42F071E99}.Debug|x86.Build.0 = Debug|Win32
		{82295534-359C-4800-8F8F-A4C42F071E99}.Release|x64.ActiveCfg = Release|x64
		{82295534-359C-4800-8F8F-A4C42F071E99}.Release|x64.Build.0 = Release|x64
		{82295534-359C-4800-8F8F-A4C42F071E99}.Release|x86.ActiveCfg = Release|Win32
		{82295534-359C-4800-8F8F-A4C42F071E99}.Release|x86.Build.0 = Release|Win32
	EndGlobalSection
	GlobalSection(SolutionProperties) = preSolution
		HideSolutionNode = FALSE
	EndGlobalSection
	GlobalSection(ExtensibilityGlobals) = postSolution
		SolutionGuid = {7D4C81AF-78D0-40E4-B208-9FAA7152ED12}
	EndGlobalSection
EndGlobal
